
Microsoft Visual Studio Solution File, Format Version 12.00
# Visual Studio 15
VisualStudioVersion = 15.0.27703.2000
MinimumVisualStudioVersion = 10.0.40219.1
Project("{FAE04EC0-301F-11D3-BF4B-00C04F79EFBC}") = "AirtableToDotNetLib", "AirtableToDotNetLib\AirtableToDotNetLib.csproj", "{4B48569C-1657-4D03-8107-E09BAE713F7F}"
EndProject
Project("{FAE04EC0-301F-11D3-BF4B-00C04F79EFBC}") = "AirtableToDotNet.Tests", "AirtableToDotNet.Tests\AirtableToDotNet.Tests.csproj", "{6C26DC0C-E84D-48A0-896B-D9B207D2ECC7}"
EndProject
Project("{2150E333-8FDC-42A3-9474-1A3956D46DE8}") = "SSoT", "SSoT", "{92A545A0-DBA4-42A5-8D82-443C36870A75}"
	ProjectSection(SolutionItems) = preProject
		README.md = README.md
	EndProjectSection
EndProject
Global
	GlobalSection(SolutionConfigurationPlatforms) = preSolution
		Debug|Any CPU = Debug|Any CPU
		Release|Any CPU = Release|Any CPU
	EndGlobalSection
	GlobalSection(ProjectConfigurationPlatforms) = postSolution
		{4B48569C-1657-4D03-8107-E09BAE713F7F}.Debug|Any CPU.ActiveCfg = Debug|Any CPU
		{4B48569C-1657-4D03-8107-E09BAE713F7F}.Debug|Any CPU.Build.0 = Debug|Any CPU
		{4B48569C-1657-4D03-8107-E09BAE713F7F}.Release|Any CPU.ActiveCfg = Release|Any CPU
		{4B48569C-1657-4D03-8107-E09BAE713F7F}.Release|Any CPU.Build.0 = Release|Any CPU
		{6C26DC0C-E84D-48A0-896B-D9B207D2ECC7}.Debug|Any CPU.ActiveCfg = Debug|Any CPU
		{6C26DC0C-E84D-48A0-896B-D9B207D2ECC7}.Debug|Any CPU.Build.0 = Debug|Any CPU
		{6C26DC0C-E84D-48A0-896B-D9B207D2ECC7}.Release|Any CPU.ActiveCfg = Release|Any CPU
		{6C26DC0C-E84D-48A0-896B-D9B207D2ECC7}.Release|Any CPU.Build.0 = Release|Any CPU
	EndGlobalSection
	GlobalSection(SolutionProperties) = preSolution
		HideSolutionNode = FALSE
	EndGlobalSection
	GlobalSection(ExtensibilityGlobals) = postSolution
		SolutionGuid = {4EE620EE-52EE-4A17-8DF8-9A96B4A7F8CB}
	EndGlobalSection
EndGlobal
